
Microsoft Visual Studio Solution File, Format Version 12.00
# Visual Studio 15
VisualStudioVersion = 15.0.28307.757
MinimumVisualStudioVersion = 10.0.40219.1
Project("{9A19103F-16F7-4668-BE54-9A1E7A4F7556}") = "Lesson16ClassWork", "Lesson16ClassWork\Lesson16ClassWork.csproj", "{B4CDB876-C384-45A7-8594-F4B6A979CD95}"
EndProject
Project("{FAE04EC0-301F-11D3-BF4B-00C04F79EFBC}") = "Figures", "ClassLibrary1\Figures.csproj", "{023DB774-9DE7-4073-991E-D15A98BEADE7}"
EndProject
Global
	GlobalSection(SolutionConfigurationPlatforms) = preSolution
		Debug|Any CPU = Debug|Any CPU
		Release|Any CPU = Release|Any CPU
	EndGlobalSection
	GlobalSection(ProjectConfigurationPlatforms) = postSolution
		{B4CDB876-C384-45A7-8594-F4B6A979CD95}.Debug|Any CPU.ActiveCfg = Debug|Any CPU
		{B4CDB876-C384-45A7-8594-F4B6A979CD95}.Debug|Any CPU.Build.0 = Debug|Any CPU
		{B4CDB876-C384-45A7-8594-F4B6A979CD95}.Release|Any CPU.ActiveCfg = Release|Any CPU
		{B4CDB876-C384-45A7-8594-F4B6A979CD95}.Release|Any CPU.Build.0 = Release|Any CPU
		{023DB774-9DE7-4073-991E-D15A98BEADE7}.Debug|Any CPU.ActiveCfg = Debug|Any CPU
		{023DB774-9DE7-4073-991E-D15A98BEADE7}.Debug|Any CPU.Build.0 = Debug|Any CPU
		{023DB774-9DE7-4073-991E-D15A98BEADE7}.Release|Any CPU.ActiveCfg = Release|Any CPU
		{023DB774-9DE7-4073-991E-D15A98BEADE7}.Release|Any CPU.Build.0 = Release|Any CPU
	EndGlobalSection
	GlobalSection(SolutionProperties) = preSolution
		HideSolutionNode = FALSE
	EndGlobalSection
	GlobalSection(ExtensibilityGlobals) = postSolution
		SolutionGuid = {8F69EF9F-18F5-405F-9965-E54CC0C7E36B}
	EndGlobalSection
EndGlobal
