
Microsoft Visual Studio Solution File, Format Version 12.00
# Visual Studio 15
VisualStudioVersion = 15.0.28307.705
MinimumVisualStudioVersion = 10.0.40219.1
Project("{FAE04EC0-301F-11D3-BF4B-00C04F79EFBC}") = "Lesson07ClassWork", "Lesson07ClassWork\Lesson07ClassWork.csproj", "{665C0F1F-BF07-439C-A170-52BC2E8CA1C2}"
EndProject
Global
	GlobalSection(SolutionConfigurationPlatforms) = preSolution
		Debug|Any CPU = Debug|Any CPU
		Release|Any CPU = Release|Any CPU
	EndGlobalSection
	GlobalSection(ProjectConfigurationPlatforms) = postSolution
		{665C0F1F-BF07-439C-A170-52BC2E8CA1C2}.Debug|Any CPU.ActiveCfg = Debug|Any CPU
		{665C0F1F-BF07-439C-A170-52BC2E8CA1C2}.Debug|Any CPU.Build.0 = Debug|Any CPU
		{665C0F1F-BF07-439C-A170-52BC2E8CA1C2}.Release|Any CPU.ActiveCfg = Release|Any CPU
		{665C0F1F-BF07-439C-A170-52BC2E8CA1C2}.Release|Any CPU.Build.0 = Release|Any CPU
	EndGlobalSection
	GlobalSection(SolutionProperties) = preSolution
		HideSolutionNode = FALSE
	EndGlobalSection
	GlobalSection(ExtensibilityGlobals) = postSolution
		SolutionGuid = {7DF96D11-C3C4-4237-BE64-536458A5F41C}
	EndGlobalSection
EndGlobal
