
Microsoft Visual Studio Solution File, Format Version 12.00
# Visual Studio 15
VisualStudioVersion = 15.0.28307.757
MinimumVisualStudioVersion = 10.0.40219.1
Project("{9A19103F-16F7-4668-BE54-9A1E7A4F7556}") = "Reminder.Storage.Core", "Reminder.Storage.Core\Reminder.Storage.Core.csproj", "{6814A51F-3752-4535-BDE9-C8D59A7A87BF}"
EndProject
Project("{9A19103F-16F7-4668-BE54-9A1E7A4F7556}") = "Reminder.Storage.InMemory", "Reminder.Storage.InMemory\Reminder.Storage.InMemory.csproj", "{9FF12192-7C13-4E99-951D-E14D15CF40C4}"
	ProjectSection(ProjectDependencies) = postProject
		{6814A51F-3752-4535-BDE9-C8D59A7A87BF} = {6814A51F-3752-4535-BDE9-C8D59A7A87BF}
	EndProjectSection
EndProject
Project("{FAE04EC0-301F-11D3-BF4B-00C04F79EFBC}") = "Reminder.Storage.Core.Tests", "Reminder.Storage.Core.Tests\Reminder.Storage.Core.Tests.csproj", "{30E76CBC-FA31-422B-8CC1-B8A1D14F8852}"
EndProject
Global
	GlobalSection(SolutionConfigurationPlatforms) = preSolution
		Debug|Any CPU = Debug|Any CPU
		Release|Any CPU = Release|Any CPU
	EndGlobalSection
	GlobalSection(ProjectConfigurationPlatforms) = postSolution
		{6814A51F-3752-4535-BDE9-C8D59A7A87BF}.Debug|Any CPU.ActiveCfg = Debug|Any CPU
		{6814A51F-3752-4535-BDE9-C8D59A7A87BF}.Debug|Any CPU.Build.0 = Debug|Any CPU
		{6814A51F-3752-4535-BDE9-C8D59A7A87BF}.Release|Any CPU.ActiveCfg = Release|Any CPU
		{6814A51F-3752-4535-BDE9-C8D59A7A87BF}.Release|Any CPU.Build.0 = Release|Any CPU
		{9FF12192-7C13-4E99-951D-E14D15CF40C4}.Debug|Any CPU.ActiveCfg = Debug|Any CPU
		{9FF12192-7C13-4E99-951D-E14D15CF40C4}.Debug|Any CPU.Build.0 = Debug|Any CPU
		{9FF12192-7C13-4E99-951D-E14D15CF40C4}.Release|Any CPU.ActiveCfg = Release|Any CPU
		{9FF12192-7C13-4E99-951D-E14D15CF40C4}.Release|Any CPU.Build.0 = Release|Any CPU
		{30E76CBC-FA31-422B-8CC1-B8A1D14F8852}.Debug|Any CPU.ActiveCfg = Debug|Any CPU
		{30E76CBC-FA31-422B-8CC1-B8A1D14F8852}.Debug|Any CPU.Build.0 = Debug|Any CPU
		{30E76CBC-FA31-422B-8CC1-B8A1D14F8852}.Release|Any CPU.ActiveCfg = Release|Any CPU
		{30E76CBC-FA31-422B-8CC1-B8A1D14F8852}.Release|Any CPU.Build.0 = Release|Any CPU
	EndGlobalSection
	GlobalSection(SolutionProperties) = preSolution
		HideSolutionNode = FALSE
	EndGlobalSection
	GlobalSection(ExtensibilityGlobals) = postSolution
		SolutionGuid = {6B3E180A-1263-42E5-9477-0FF0173A0C82}
	EndGlobalSection
EndGlobal
