
Microsoft Visual Studio Solution File, Format Version 12.00
# Visual Studio 15
VisualStudioVersion = 15.0.28307.757
MinimumVisualStudioVersion = 10.0.40219.1
Project("{FAE04EC0-301F-11D3-BF4B-00C04F79EFBC}") = "Lesson10HomeWork", "Lesson10HomeWork\Lesson10HomeWork.csproj", "{8056A6F0-F3A1-4E44-9367-D632833897E2}"
EndProject
Global
	GlobalSection(SolutionConfigurationPlatforms) = preSolution
		Debug|Any CPU = Debug|Any CPU
		Release|Any CPU = Release|Any CPU
	EndGlobalSection
	GlobalSection(ProjectConfigurationPlatforms) = postSolution
		{8056A6F0-F3A1-4E44-9367-D632833897E2}.Debug|Any CPU.ActiveCfg = Debug|Any CPU
		{8056A6F0-F3A1-4E44-9367-D632833897E2}.Debug|Any CPU.Build.0 = Debug|Any CPU
		{8056A6F0-F3A1-4E44-9367-D632833897E2}.Release|Any CPU.ActiveCfg = Release|Any CPU
		{8056A6F0-F3A1-4E44-9367-D632833897E2}.Release|Any CPU.Build.0 = Release|Any CPU
	EndGlobalSection
	GlobalSection(SolutionProperties) = preSolution
		HideSolutionNode = FALSE
	EndGlobalSection
	GlobalSection(ExtensibilityGlobals) = postSolution
		SolutionGuid = {9B299349-2159-453D-A345-D4CA2E2945FF}
	EndGlobalSection
EndGlobal
