
Microsoft Visual Studio Solution File, Format Version 12.00
# Visual Studio 15
VisualStudioVersion = 15.0.28307.757
MinimumVisualStudioVersion = 10.0.40219.1
Project("{FAE04EC0-301F-11D3-BF4B-00C04F79EFBC}") = "Lesson13HomeWork1", "Lesson13HomeWork1\Lesson13HomeWork1.csproj", "{7B609AAC-BD57-4434-944B-896DD0F3AB1B}"
EndProject
Global
	GlobalSection(SolutionConfigurationPlatforms) = preSolution
		Debug|Any CPU = Debug|Any CPU
		Release|Any CPU = Release|Any CPU
	EndGlobalSection
	GlobalSection(ProjectConfigurationPlatforms) = postSolution
		{7B609AAC-BD57-4434-944B-896DD0F3AB1B}.Debug|Any CPU.ActiveCfg = Debug|Any CPU
		{7B609AAC-BD57-4434-944B-896DD0F3AB1B}.Debug|Any CPU.Build.0 = Debug|Any CPU
		{7B609AAC-BD57-4434-944B-896DD0F3AB1B}.Release|Any CPU.ActiveCfg = Release|Any CPU
		{7B609AAC-BD57-4434-944B-896DD0F3AB1B}.Release|Any CPU.Build.0 = Release|Any CPU
	EndGlobalSection
	GlobalSection(SolutionProperties) = preSolution
		HideSolutionNode = FALSE
	EndGlobalSection
	GlobalSection(ExtensibilityGlobals) = postSolution
		SolutionGuid = {EC34B6C1-CB56-40A5-914B-26BAB83C246C}
	EndGlobalSection
EndGlobal
