
Microsoft Visual Studio Solution File, Format Version 12.00
# Visual Studio 15
VisualStudioVersion = 15.0.28307.705
MinimumVisualStudioVersion = 10.0.40219.1
Project("{FAE04EC0-301F-11D3-BF4B-00C04F79EFBC}") = "Lesson_01", "Lesson_01\Lesson_01.csproj", "{BAEF6DAD-15CE-45E8-B136-562B080EECB5}"
EndProject
Global
	GlobalSection(SolutionConfigurationPlatforms) = preSolution
		Debug|Any CPU = Debug|Any CPU
		Release|Any CPU = Release|Any CPU
	EndGlobalSection
	GlobalSection(ProjectConfigurationPlatforms) = postSolution
		{BAEF6DAD-15CE-45E8-B136-562B080EECB5}.Debug|Any CPU.ActiveCfg = Debug|Any CPU
		{BAEF6DAD-15CE-45E8-B136-562B080EECB5}.Debug|Any CPU.Build.0 = Debug|Any CPU
		{BAEF6DAD-15CE-45E8-B136-562B080EECB5}.Release|Any CPU.ActiveCfg = Release|Any CPU
		{BAEF6DAD-15CE-45E8-B136-562B080EECB5}.Release|Any CPU.Build.0 = Release|Any CPU
	EndGlobalSection
	GlobalSection(SolutionProperties) = preSolution
		HideSolutionNode = FALSE
	EndGlobalSection
	GlobalSection(ExtensibilityGlobals) = postSolution
		SolutionGuid = {BEFA5727-7013-4495-810D-491018EC590D}
	EndGlobalSection
EndGlobal
